// !$*UTF8*$!
{
	archiveVersion = 1;
	classes = {
	};
	objectVersion = 46;
	objects = {

/* Begin PBXBuildFile section */
		041E17C920B05B9E002DE9F3 /* sceneGraph.cpp in Sources */ = {isa = PBXBuildFile; fileRef = 041E177920B05B9D002DE9F3 /* sceneGraph.cpp */; };
		041E17CB20B05B9E002DE9F3 /* main.cpp in Sources */ = {isa = PBXBuildFile; fileRef = 041E177E20B05B9E002DE9F3 /* main.cpp */; };
		041E17CC20B05B9E002DE9F3 /* modelObjectInst.cpp in Sources */ = {isa = PBXBuildFile; fileRef = 041E178920B05B9E002DE9F3 /* modelObjectInst.cpp */; };
		041E17CD20B05B9E002DE9F3 /* modelObject.cpp in Sources */ = {isa = PBXBuildFile; fileRef = 041E178B20B05B9E002DE9F3 /* modelObject.cpp */; };
		041E17CE20B05B9E002DE9F3 /* modelObjectSingle.cpp in Sources */ = {isa = PBXBuildFile; fileRef = 041E178C20B05B9E002DE9F3 /* modelObjectSingle.cpp */; };
		041E17D020B05B9E002DE9F3 /* shaderLoader.cpp in Sources */ = {isa = PBXBuildFile; fileRef = 041E17C820B05B9E002DE9F3 /* shaderLoader.cpp */; };
		041E17D520B063C2002DE9F3 /* controller.cpp in Sources */ = {isa = PBXBuildFile; fileRef = 041E17D320B063C2002DE9F3 /* controller.cpp */; };
		041E17DB20B0672D002DE9F3 /* scene1.cpp in Sources */ = {isa = PBXBuildFile; fileRef = 041E17D920B0672D002DE9F3 /* scene1.cpp */; };
		045252A120B5C4EE00916340 /* renderer.cpp in Sources */ = {isa = PBXBuildFile; fileRef = 0452529F20B5C4EE00916340 /* renderer.cpp */; };
		0455CBDB20B441E600864F35 /* keyboardAndMouse.cpp in Sources */ = {isa = PBXBuildFile; fileRef = 0455CBD920B441E600864F35 /* keyboardAndMouse.cpp */; };
		0455CBE020B4C62800864F35 /* camera.cpp in Sources */ = {isa = PBXBuildFile; fileRef = 0455CBDE20B4C62800864F35 /* camera.cpp */; };
		04972FAF1F72A47E00BAC6A4 /* OpenGL.framework in Frameworks */ = {isa = PBXBuildFile; fileRef = 04972FAE1F72A47E00BAC6A4 /* OpenGL.framework */; };
		04BB913A201792EC004D9C49 /* libGLEW.2.1.0.dylib in Frameworks */ = {isa = PBXBuildFile; fileRef = 04BB9138201792EC004D9C49 /* libGLEW.2.1.0.dylib */; };
		04BB913B201792EC004D9C49 /* libglfw.3.3.dylib in Frameworks */ = {isa = PBXBuildFile; fileRef = 04BB9139201792EC004D9C49 /* libglfw.3.3.dylib */; };
		04BB913C201792FB004D9C49 /* libGLEW.2.1.0.dylib in CopyFiles */ = {isa = PBXBuildFile; fileRef = 04BB9138201792EC004D9C49 /* libGLEW.2.1.0.dylib */; settings = {ATTRIBUTES = (CodeSignOnCopy, ); }; };
		04BB913D201792FB004D9C49 /* libglfw.3.3.dylib in CopyFiles */ = {isa = PBXBuildFile; fileRef = 04BB9139201792EC004D9C49 /* libglfw.3.3.dylib */; settings = {ATTRIBUTES = (CodeSignOnCopy, ); }; };
/* End PBXBuildFile section */

/* Begin PBXCopyFilesBuildPhase section */
		042419B71F6C8363002C2D67 /* CopyFiles */ = {
			isa = PBXCopyFilesBuildPhase;
			buildActionMask = 12;
			dstPath = Frameworks;
			dstSubfolderSpec = 10;
			files = (
				04BB913C201792FB004D9C49 /* libGLEW.2.1.0.dylib in CopyFiles */,
				04BB913D201792FB004D9C49 /* libglfw.3.3.dylib in CopyFiles */,
			);
			runOnlyForDeploymentPostprocessing = 0;
		};
		04BB913E2017931B004D9C49 /* CopyFiles */ = {
			isa = PBXCopyFilesBuildPhase;
			buildActionMask = 2147483647;
			dstPath = Shaders;
			dstSubfolderSpec = 7;
			files = (
			);
			runOnlyForDeploymentPostprocessing = 0;
		};
		04CE34B01FABC4FC009D551C /* CopyFiles */ = {
			isa = PBXCopyFilesBuildPhase;
			buildActionMask = 2147483647;
			dstPath = Resources;
			dstSubfolderSpec = 7;
			files = (
			);
			runOnlyForDeploymentPostprocessing = 0;
		};
/* End PBXCopyFilesBuildPhase section */

/* Begin PBXFileReference section */
		041E177920B05B9D002DE9F3 /* sceneGraph.cpp */ = {isa = PBXFileReference; fileEncoding = 4; lastKnownFileType = sourcecode.cpp.cpp; path = sceneGraph.cpp; sourceTree = "<group>"; };
		041E177E20B05B9E002DE9F3 /* main.cpp */ = {isa = PBXFileReference; fileEncoding = 4; lastKnownFileType = sourcecode.cpp.cpp; path = main.cpp; sourceTree = "<group>"; };
		041E178020B05B9E002DE9F3 /* vs_display.glsl */ = {isa = PBXFileReference; fileEncoding = 4; lastKnownFileType = text; path = vs_display.glsl; sourceTree = "<group>"; };
		041E178120B05B9E002DE9F3 /* vs.glsl */ = {isa = PBXFileReference; fileEncoding = 4; lastKnownFileType = text; path = vs.glsl; sourceTree = "<group>"; };
		041E178220B05B9E002DE9F3 /* fs.glsl */ = {isa = PBXFileReference; fileEncoding = 4; lastKnownFileType = text; path = fs.glsl; sourceTree = "<group>"; };
		041E178320B05B9E002DE9F3 /* vs_light.glsl */ = {isa = PBXFileReference; fileEncoding = 4; lastKnownFileType = text; path = vs_light.glsl; sourceTree = "<group>"; };
		041E178420B05B9E002DE9F3 /* fs_light.glsl */ = {isa = PBXFileReference; fileEncoding = 4; lastKnownFileType = text; path = fs_light.glsl; sourceTree = "<group>"; };
		041E178520B05B9E002DE9F3 /* fs_display.glsl */ = {isa = PBXFileReference; fileEncoding = 4; lastKnownFileType = text; path = fs_display.glsl; sourceTree = "<group>"; };
		041E178720B05B9E002DE9F3 /* modelObjectInst.h */ = {isa = PBXFileReference; fileEncoding = 4; lastKnownFileType = sourcecode.c.h; path = modelObjectInst.h; sourceTree = "<group>"; };
		041E178820B05B9E002DE9F3 /* modelObject.h */ = {isa = PBXFileReference; fileEncoding = 4; lastKnownFileType = sourcecode.c.h; path = modelObject.h; sourceTree = "<group>"; };
		041E178920B05B9E002DE9F3 /* modelObjectInst.cpp */ = {isa = PBXFileReference; fileEncoding = 4; lastKnownFileType = sourcecode.cpp.cpp; path = modelObjectInst.cpp; sourceTree = "<group>"; };
		041E178A20B05B9E002DE9F3 /* modelObjectSingle.h */ = {isa = PBXFileReference; fileEncoding = 4; lastKnownFileType = sourcecode.c.h; path = modelObjectSingle.h; sourceTree = "<group>"; };
		041E178B20B05B9E002DE9F3 /* modelObject.cpp */ = {isa = PBXFileReference; fileEncoding = 4; lastKnownFileType = sourcecode.cpp.cpp; path = modelObject.cpp; sourceTree = "<group>"; };
		041E178C20B05B9E002DE9F3 /* modelObjectSingle.cpp */ = {isa = PBXFileReference; fileEncoding = 4; lastKnownFileType = sourcecode.cpp.cpp; path = modelObjectSingle.cpp; sourceTree = "<group>"; };
		041E178E20B05B9E002DE9F3 /* sceneGraph.hpp */ = {isa = PBXFileReference; fileEncoding = 4; lastKnownFileType = sourcecode.cpp.h; path = sceneGraph.hpp; sourceTree = "<group>"; };
		041E179020B05B9E002DE9F3 /* floor.mtl */ = {isa = PBXFileReference; fileEncoding = 4; lastKnownFileType = text; path = floor.mtl; sourceTree = "<group>"; };
		041E179120B05B9E002DE9F3 /* bulb.blend */ = {isa = PBXFileReference; lastKnownFileType = file; path = bulb.blend; sourceTree = "<group>"; };
		041E179220B05B9E002DE9F3 /* Beam.ktx */ = {isa = PBXFileReference; lastKnownFileType = file; path = Beam.ktx; sourceTree = "<group>"; };
		041E179320B05B9E002DE9F3 /* wall.mtl */ = {isa = PBXFileReference; fileEncoding = 4; lastKnownFileType = text; path = wall.mtl; sourceTree = "<group>"; };
		041E179420B05B9E002DE9F3 /* bulb.obj */ = {isa = PBXFileReference; fileEncoding = 4; lastKnownFileType = text; path = bulb.obj; sourceTree = "<group>"; };
		041E179520B05B9E002DE9F3 /* wire.blend */ = {isa = PBXFileReference; lastKnownFileType = file; path = wire.blend; sourceTree = "<group>"; };
		041E179620B05B9E002DE9F3 /* beam.png */ = {isa = PBXFileReference; lastKnownFileType = image.png; path = beam.png; sourceTree = "<group>"; };
		041E179720B05B9E002DE9F3 /* roof.mtl */ = {isa = PBXFileReference; fileEncoding = 4; lastKnownFileType = text; path = roof.mtl; sourceTree = "<group>"; };
		041E179820B05B9E002DE9F3 /* bulb.ktx */ = {isa = PBXFileReference; lastKnownFileType = file; path = bulb.ktx; sourceTree = "<group>"; };
		041E179920B05B9E002DE9F3 /* front.mtl */ = {isa = PBXFileReference; fileEncoding = 4; lastKnownFileType = text; path = front.mtl; sourceTree = "<group>"; };
		041E179A20B05B9E002DE9F3 /* lamp.mtl */ = {isa = PBXFileReference; fileEncoding = 4; lastKnownFileType = text; path = lamp.mtl; sourceTree = "<group>"; };
		041E179B20B05B9E002DE9F3 /* table.blend */ = {isa = PBXFileReference; lastKnownFileType = file; path = table.blend; sourceTree = "<group>"; };
		041E179C20B05B9E002DE9F3 /* newTorch.obj */ = {isa = PBXFileReference; fileEncoding = 4; lastKnownFileType = text; path = newTorch.obj; sourceTree = "<group>"; };
		041E179D20B05B9E002DE9F3 /* back.mtl */ = {isa = PBXFileReference; fileEncoding = 4; lastKnownFileType = text; path = back.mtl; sourceTree = "<group>"; };
		041E179E20B05B9E002DE9F3 /* beam.obj */ = {isa = PBXFileReference; fileEncoding = 4; lastKnownFileType = text; path = beam.obj; sourceTree = "<group>"; };
		041E179F20B05B9E002DE9F3 /* table.mtl */ = {isa = PBXFileReference; fileEncoding = 4; lastKnownFileType = text; path = table.mtl; sourceTree = "<group>"; };
		041E17A020B05B9E002DE9F3 /* plank.mtl */ = {isa = PBXFileReference; fileEncoding = 4; lastKnownFileType = text; path = plank.mtl; sourceTree = "<group>"; };
		041E17A120B05B9E002DE9F3 /* bulb.png */ = {isa = PBXFileReference; lastKnownFileType = image.png; path = bulb.png; sourceTree = "<group>"; };
		041E17A220B05B9E002DE9F3 /* wire.mtl */ = {isa = PBXFileReference; fileEncoding = 4; lastKnownFileType = text; path = wire.mtl; sourceTree = "<group>"; };
		041E17A320B05B9E002DE9F3 /* beam.mtl */ = {isa = PBXFileReference; fileEncoding = 4; lastKnownFileType = text; path = beam.mtl; sourceTree = "<group>"; };
		041E17A420B05B9E002DE9F3 /* newTorch.blend */ = {isa = PBXFileReference; lastKnownFileType = file; path = newTorch.blend; sourceTree = "<group>"; };
		041E17A520B05B9E002DE9F3 /* wall.ktx */ = {isa = PBXFileReference; lastKnownFileType = file; path = wall.ktx; sourceTree = "<group>"; };
		041E17A620B05B9E002DE9F3 /* back.obj */ = {isa = PBXFileReference; fileEncoding = 4; lastKnownFileType = text; path = back.obj; sourceTree = "<group>"; };
		041E17A720B05B9E002DE9F3 /* newTorch.mtl */ = {isa = PBXFileReference; fileEncoding = 4; lastKnownFileType = text; path = newTorch.mtl; sourceTree = "<group>"; };
		041E17A820B05B9E002DE9F3 /* roof.png */ = {isa = PBXFileReference; lastKnownFileType = image.png; path = roof.png; sourceTree = "<group>"; };
		041E17A920B05B9E002DE9F3 /* table.obj */ = {isa = PBXFileReference; fileEncoding = 4; lastKnownFileType = text; path = table.obj; sourceTree = "<group>"; };
		041E17AA20B05B9E002DE9F3 /* floor.ktx */ = {isa = PBXFileReference; lastKnownFileType = file; path = floor.ktx; sourceTree = "<group>"; };
		041E17AB20B05B9E002DE9F3 /* lamp.obj */ = {isa = PBXFileReference; fileEncoding = 4; lastKnownFileType = text; path = lamp.obj; sourceTree = "<group>"; };
		041E17AC20B05B9E002DE9F3 /* front.obj */ = {isa = PBXFileReference; fileEncoding = 4; lastKnownFileType = text; path = front.obj; sourceTree = "<group>"; };
		041E17AD20B05B9E002DE9F3 /* wire.obj */ = {isa = PBXFileReference; fileEncoding = 4; lastKnownFileType = text; path = wire.obj; sourceTree = "<group>"; };
		041E17AE20B05B9E002DE9F3 /* wall.png */ = {isa = PBXFileReference; lastKnownFileType = image.png; path = wall.png; sourceTree = "<group>"; };
		041E17AF20B05B9E002DE9F3 /* roof.ktx */ = {isa = PBXFileReference; lastKnownFileType = file; path = roof.ktx; sourceTree = "<group>"; };
		041E17B020B05B9E002DE9F3 /* plank.obj */ = {isa = PBXFileReference; fileEncoding = 4; lastKnownFileType = text; path = plank.obj; sourceTree = "<group>"; };
		041E17B120B05B9E002DE9F3 /* floor.png */ = {isa = PBXFileReference; lastKnownFileType = image.png; path = floor.png; sourceTree = "<group>"; };
		041E17B220B05B9E002DE9F3 /* bulb.mtl */ = {isa = PBXFileReference; fileEncoding = 4; lastKnownFileType = text; path = bulb.mtl; sourceTree = "<group>"; };
		041E17B320B05B9E002DE9F3 /* lamp.ktx */ = {isa = PBXFileReference; lastKnownFileType = file; path = lamp.ktx; sourceTree = "<group>"; };
		041E17B420B05B9E002DE9F3 /* front.ktx */ = {isa = PBXFileReference; lastKnownFileType = file; path = front.ktx; sourceTree = "<group>"; };
		041E17B520B05B9E002DE9F3 /* wire.png */ = {isa = PBXFileReference; lastKnownFileType = image.png; path = wire.png; sourceTree = "<group>"; };
		041E17B620B05B9E002DE9F3 /* NewTorchCol.png */ = {isa = PBXFileReference; lastKnownFileType = image.png; path = NewTorchCol.png; sourceTree = "<group>"; };
		041E17B720B05B9E002DE9F3 /* newTorch.blend1 */ = {isa = PBXFileReference; lastKnownFileType = file; path = newTorch.blend1; sourceTree = "<group>"; };
		041E17B820B05B9E002DE9F3 /* floor.obj */ = {isa = PBXFileReference; fileEncoding = 4; lastKnownFileType = text; path = floor.obj; sourceTree = "<group>"; };
		041E17B920B05B9E002DE9F3 /* table.ktx */ = {isa = PBXFileReference; lastKnownFileType = file; path = table.ktx; sourceTree = "<group>"; };
		041E17BA20B05B9E002DE9F3 /* plank.png */ = {isa = PBXFileReference; lastKnownFileType = image.png; path = plank.png; sourceTree = "<group>"; };
		041E17BB20B05B9E002DE9F3 /* back.ktx */ = {isa = PBXFileReference; lastKnownFileType = file; path = back.ktx; sourceTree = "<group>"; };
		041E17BC20B05B9E002DE9F3 /* wall.obj */ = {isa = PBXFileReference; fileEncoding = 4; lastKnownFileType = text; path = wall.obj; sourceTree = "<group>"; };
		041E17BD20B05B9E002DE9F3 /* table.png */ = {isa = PBXFileReference; lastKnownFileType = image.png; path = table.png; sourceTree = "<group>"; };
		041E17BE20B05B9E002DE9F3 /* plank.ktx */ = {isa = PBXFileReference; lastKnownFileType = file; path = plank.ktx; sourceTree = "<group>"; };
		041E17BF20B05B9E002DE9F3 /* roof.obj */ = {isa = PBXFileReference; fileEncoding = 4; lastKnownFileType = text; path = roof.obj; sourceTree = "<group>"; };
		041E17C020B05B9E002DE9F3 /* back.png */ = {isa = PBXFileReference; lastKnownFileType = image.png; path = back.png; sourceTree = "<group>"; };
		041E17C120B05B9E002DE9F3 /* front.png */ = {isa = PBXFileReference; lastKnownFileType = image.png; path = front.png; sourceTree = "<group>"; };
		041E17C220B05B9E002DE9F3 /* lamp.png */ = {isa = PBXFileReference; lastKnownFileType = image.png; path = lamp.png; sourceTree = "<group>"; };
		041E17C320B05B9E002DE9F3 /* wire.ktx */ = {isa = PBXFileReference; lastKnownFileType = file; path = wire.ktx; sourceTree = "<group>"; };
		041E17C420B05B9E002DE9F3 /* NewTorchCol.ktx */ = {isa = PBXFileReference; lastKnownFileType = file; path = NewTorchCol.ktx; sourceTree = "<group>"; };
		041E17C720B05B9E002DE9F3 /* shaderLoader.hpp */ = {isa = PBXFileReference; fileEncoding = 4; lastKnownFileType = sourcecode.cpp.h; path = shaderLoader.hpp; sourceTree = "<group>"; };
		041E17C820B05B9E002DE9F3 /* shaderLoader.cpp */ = {isa = PBXFileReference; fileEncoding = 4; lastKnownFileType = sourcecode.cpp.cpp; path = shaderLoader.cpp; sourceTree = "<group>"; };
		041E17D320B063C2002DE9F3 /* controller.cpp */ = {isa = PBXFileReference; lastKnownFileType = sourcecode.cpp.cpp; path = controller.cpp; sourceTree = "<group>"; };
		041E17D420B063C2002DE9F3 /* controller.hpp */ = {isa = PBXFileReference; lastKnownFileType = sourcecode.cpp.h; path = controller.hpp; sourceTree = "<group>"; };
		041E17D920B0672D002DE9F3 /* scene1.cpp */ = {isa = PBXFileReference; lastKnownFileType = sourcecode.cpp.cpp; path = scene1.cpp; sourceTree = "<group>"; };
		041E17DA20B0672D002DE9F3 /* scene1.hpp */ = {isa = PBXFileReference; lastKnownFileType = sourcecode.cpp.h; path = scene1.hpp; sourceTree = "<group>"; };
		042419B91F6C8363002C2D67 /* 3D Graphics and Animation Coursework */ = {isa = PBXFileReference; explicitFileType = "compiled.mach-o.executable"; includeInIndex = 0; path = "3D Graphics and Animation Coursework"; sourceTree = BUILT_PRODUCTS_DIR; };
		0452529F20B5C4EE00916340 /* renderer.cpp */ = {isa = PBXFileReference; lastKnownFileType = sourcecode.cpp.cpp; path = renderer.cpp; sourceTree = "<group>"; };
		045252A020B5C4EE00916340 /* renderer.hpp */ = {isa = PBXFileReference; lastKnownFileType = sourcecode.cpp.h; path = renderer.hpp; sourceTree = "<group>"; };
		0455CBD920B441E600864F35 /* keyboardAndMouse.cpp */ = {isa = PBXFileReference; lastKnownFileType = sourcecode.cpp.cpp; path = keyboardAndMouse.cpp; sourceTree = "<group>"; };
		0455CBDA20B441E600864F35 /* keyboardAndMouse.hpp */ = {isa = PBXFileReference; lastKnownFileType = sourcecode.cpp.h; path = keyboardAndMouse.hpp; sourceTree = "<group>"; };
		0455CBDE20B4C62800864F35 /* camera.cpp */ = {isa = PBXFileReference; lastKnownFileType = sourcecode.cpp.cpp; path = camera.cpp; sourceTree = "<group>"; };
		0455CBDF20B4C62800864F35 /* camera.hpp */ = {isa = PBXFileReference; lastKnownFileType = sourcecode.cpp.h; path = camera.hpp; sourceTree = "<group>"; };
		04972FAE1F72A47E00BAC6A4 /* OpenGL.framework */ = {isa = PBXFileReference; lastKnownFileType = wrapper.framework; name = OpenGL.framework; path = System/Library/Frameworks/OpenGL.framework; sourceTree = SDKROOT; };
		04BB9138201792EC004D9C49 /* libGLEW.2.1.0.dylib */ = {isa = PBXFileReference; lastKnownFileType = "compiled.mach-o.dylib"; name = libGLEW.2.1.0.dylib; path = ../../../../../../../usr/local/lib/libGLEW.2.1.0.dylib; sourceTree = "<group>"; };
		04BB9139201792EC004D9C49 /* libglfw.3.3.dylib */ = {isa = PBXFileReference; lastKnownFileType = "compiled.mach-o.dylib"; name = libglfw.3.3.dylib; path = ../../../../../../../usr/local/lib/libglfw.3.3.dylib; sourceTree = "<group>"; };
/* End PBXFileReference section */

/* Begin PBXFrameworksBuildPhase section */
		042419B61F6C8363002C2D67 /* Frameworks */ = {
			isa = PBXFrameworksBuildPhase;
			buildActionMask = 2147483647;
			files = (
				04BB913A201792EC004D9C49 /* libGLEW.2.1.0.dylib in Frameworks */,
				04BB913B201792EC004D9C49 /* libglfw.3.3.dylib in Frameworks */,
				04972FAF1F72A47E00BAC6A4 /* OpenGL.framework in Frameworks */,
			);
			runOnlyForDeploymentPostprocessing = 0;
		};
/* End PBXFrameworksBuildPhase section */

/* Begin PBXGroup section */
		041E177F20B05B9E002DE9F3 /* Shaders */ = {
			isa = PBXGroup;
			children = (
				041E178020B05B9E002DE9F3 /* vs_display.glsl */,
				041E178520B05B9E002DE9F3 /* fs_display.glsl */,
				041E178120B05B9E002DE9F3 /* vs.glsl */,
				041E178220B05B9E002DE9F3 /* fs.glsl */,
				041E178320B05B9E002DE9F3 /* vs_light.glsl */,
				041E178420B05B9E002DE9F3 /* fs_light.glsl */,
			);
			path = Shaders;
			sourceTree = "<group>";
		};
		041E178620B05B9E002DE9F3 /* ModelObjects */ = {
			isa = PBXGroup;
			children = (
				041E178B20B05B9E002DE9F3 /* modelObject.cpp */,
				041E178820B05B9E002DE9F3 /* modelObject.h */,
				041E178920B05B9E002DE9F3 /* modelObjectInst.cpp */,
				041E178720B05B9E002DE9F3 /* modelObjectInst.h */,
				041E178C20B05B9E002DE9F3 /* modelObjectSingle.cpp */,
				041E178A20B05B9E002DE9F3 /* modelObjectSingle.h */,
			);
			path = ModelObjects;
			sourceTree = "<group>";
		};
		041E178F20B05B9E002DE9F3 /* Resources */ = {
			isa = PBXGroup;
			children = (
				041E179020B05B9E002DE9F3 /* floor.mtl */,
				041E179120B05B9E002DE9F3 /* bulb.blend */,
				041E179220B05B9E002DE9F3 /* Beam.ktx */,
				041E179320B05B9E002DE9F3 /* wall.mtl */,
				041E179420B05B9E002DE9F3 /* bulb.obj */,
				041E179520B05B9E002DE9F3 /* wire.blend */,
				041E179620B05B9E002DE9F3 /* beam.png */,
				041E179720B05B9E002DE9F3 /* roof.mtl */,
				041E179820B05B9E002DE9F3 /* bulb.ktx */,
				041E179920B05B9E002DE9F3 /* front.mtl */,
				041E179A20B05B9E002DE9F3 /* lamp.mtl */,
				041E179B20B05B9E002DE9F3 /* table.blend */,
				041E179C20B05B9E002DE9F3 /* newTorch.obj */,
				041E179D20B05B9E002DE9F3 /* back.mtl */,
				041E179E20B05B9E002DE9F3 /* beam.obj */,
				041E179F20B05B9E002DE9F3 /* table.mtl */,
				041E17A020B05B9E002DE9F3 /* plank.mtl */,
				041E17A120B05B9E002DE9F3 /* bulb.png */,
				041E17A220B05B9E002DE9F3 /* wire.mtl */,
				041E17A320B05B9E002DE9F3 /* beam.mtl */,
				041E17A420B05B9E002DE9F3 /* newTorch.blend */,
				041E17A520B05B9E002DE9F3 /* wall.ktx */,
				041E17A620B05B9E002DE9F3 /* back.obj */,
				041E17A720B05B9E002DE9F3 /* newTorch.mtl */,
				041E17A820B05B9E002DE9F3 /* roof.png */,
				041E17A920B05B9E002DE9F3 /* table.obj */,
				041E17AA20B05B9E002DE9F3 /* floor.ktx */,
				041E17AB20B05B9E002DE9F3 /* lamp.obj */,
				041E17AC20B05B9E002DE9F3 /* front.obj */,
				041E17AD20B05B9E002DE9F3 /* wire.obj */,
				041E17AE20B05B9E002DE9F3 /* wall.png */,
				041E17AF20B05B9E002DE9F3 /* roof.ktx */,
				041E17B020B05B9E002DE9F3 /* plank.obj */,
				041E17B120B05B9E002DE9F3 /* floor.png */,
				041E17B220B05B9E002DE9F3 /* bulb.mtl */,
				041E17B320B05B9E002DE9F3 /* lamp.ktx */,
				041E17B420B05B9E002DE9F3 /* front.ktx */,
				041E17B520B05B9E002DE9F3 /* wire.png */,
				041E17B620B05B9E002DE9F3 /* NewTorchCol.png */,
				041E17B720B05B9E002DE9F3 /* newTorch.blend1 */,
				041E17B820B05B9E002DE9F3 /* floor.obj */,
				041E17B920B05B9E002DE9F3 /* table.ktx */,
				041E17BA20B05B9E002DE9F3 /* plank.png */,
				041E17BB20B05B9E002DE9F3 /* back.ktx */,
				041E17BC20B05B9E002DE9F3 /* wall.obj */,
				041E17BD20B05B9E002DE9F3 /* table.png */,
				041E17BE20B05B9E002DE9F3 /* plank.ktx */,
				041E17BF20B05B9E002DE9F3 /* roof.obj */,
				041E17C020B05B9E002DE9F3 /* back.png */,
				041E17C120B05B9E002DE9F3 /* front.png */,
				041E17C220B05B9E002DE9F3 /* lamp.png */,
				041E17C320B05B9E002DE9F3 /* wire.ktx */,
				041E17C420B05B9E002DE9F3 /* NewTorchCol.ktx */,
			);
			path = Resources;
			sourceTree = "<group>";
		};
		041E17C620B05B9E002DE9F3 /* Singletons */ = {
			isa = PBXGroup;
			children = (
				041E17C720B05B9E002DE9F3 /* shaderLoader.hpp */,
				041E17C820B05B9E002DE9F3 /* shaderLoader.cpp */,
			);
			path = Singletons;
			sourceTree = "<group>";
		};
		041E17DC20B06744002DE9F3 /* Scenes */ = {
			isa = PBXGroup;
			children = (
				041E177920B05B9D002DE9F3 /* sceneGraph.cpp */,
				041E178E20B05B9E002DE9F3 /* sceneGraph.hpp */,
				041E17D920B0672D002DE9F3 /* scene1.cpp */,
				041E17DA20B0672D002DE9F3 /* scene1.hpp */,
			);
			path = Scenes;
			sourceTree = "<group>";
		};
		042419B01F6C8363002C2D67 = {
			isa = PBXGroup;
			children = (
				042419BB1F6C8363002C2D67 /* OPENGL */,
				042419BA1F6C8363002C2D67 /* Products */,
				04FB007E1F70913B0044343E /* Frameworks */,
			);
			sourceTree = "<group>";
		};
		042419BA1F6C8363002C2D67 /* Products */ = {
			isa = PBXGroup;
			children = (
				042419B91F6C8363002C2D67 /* 3D Graphics and Animation Coursework */,
			);
			name = Products;
			sourceTree = "<group>";
		};
		042419BB1F6C8363002C2D67 /* OPENGL */ = {
			isa = PBXGroup;
			children = (
				041E177E20B05B9E002DE9F3 /* main.cpp */,
				041E17DC20B06744002DE9F3 /* Scenes */,
				0455CBDD20B4421500864F35 /* Controllers */,
				041E178620B05B9E002DE9F3 /* ModelObjects */,
				045252A220B61B2600916340 /* Views */,
				041E17C620B05B9E002DE9F3 /* Singletons */,
				041E177F20B05B9E002DE9F3 /* Shaders */,
				041E178F20B05B9E002DE9F3 /* Resources */,
			);
			path = OPENGL;
			sourceTree = "<group>";
		};
		045252A220B61B2600916340 /* Views */ = {
			isa = PBXGroup;
			children = (
				0455CBDE20B4C62800864F35 /* camera.cpp */,
				0455CBDF20B4C62800864F35 /* camera.hpp */,
				0452529F20B5C4EE00916340 /* renderer.cpp */,
				045252A020B5C4EE00916340 /* renderer.hpp */,
			);
			path = Views;
			sourceTree = "<group>";
		};
		0455CBDD20B4421500864F35 /* Controllers */ = {
			isa = PBXGroup;
			children = (
				041E17D320B063C2002DE9F3 /* controller.cpp */,
				041E17D420B063C2002DE9F3 /* controller.hpp */,
				0455CBD920B441E600864F35 /* keyboardAndMouse.cpp */,
				0455CBDA20B441E600864F35 /* keyboardAndMouse.hpp */,
			);
			path = Controllers;
			sourceTree = "<group>";
		};
		04FB007E1F70913B0044343E /* Frameworks */ = {
			isa = PBXGroup;
			children = (
				04BB9138201792EC004D9C49 /* libGLEW.2.1.0.dylib */,
				04BB9139201792EC004D9C49 /* libglfw.3.3.dylib */,
				04972FAE1F72A47E00BAC6A4 /* OpenGL.framework */,
			);
			name = Frameworks;
			sourceTree = "<group>";
		};
/* End PBXGroup section */

/* Begin PBXNativeTarget section */
		042419B81F6C8363002C2D67 /* 3D Graphics and Animation Coursework */ = {
			isa = PBXNativeTarget;
			buildConfigurationList = 042419C01F6C8363002C2D67 /* Build configuration list for PBXNativeTarget "3D Graphics and Animation Coursework" */;
			buildPhases = (
				042419B51F6C8363002C2D67 /* Sources */,
				042419B61F6C8363002C2D67 /* Frameworks */,
				042419B71F6C8363002C2D67 /* CopyFiles */,
				04CE34B01FABC4FC009D551C /* CopyFiles */,
				04BB913E2017931B004D9C49 /* CopyFiles */,
			);
			buildRules = (
			);
			dependencies = (
			);
			name = "3D Graphics and Animation Coursework";
			productName = OPENGL;
			productReference = 042419B91F6C8363002C2D67 /* 3D Graphics and Animation Coursework */;
			productType = "com.apple.product-type.tool";
		};
/* End PBXNativeTarget section */

/* Begin PBXProject section */
		042419B11F6C8363002C2D67 /* Project object */ = {
			isa = PBXProject;
			attributes = {
				KnownAssetTags = (
					New,
				);
				LastUpgradeCheck = 0900;
				ORGANIZATIONNAME = "Jack Davidson";
				TargetAttributes = {
					042419B81F6C8363002C2D67 = {
						CreatedOnToolsVersion = 8.3.2;
						ProvisioningStyle = Automatic;
					};
				};
			};
			buildConfigurationList = 042419B41F6C8363002C2D67 /* Build configuration list for PBXProject "3D Graphics and Animation Coursework" */;
			compatibilityVersion = "Xcode 3.2";
			developmentRegion = English;
			hasScannedForEncodings = 0;
			knownRegions = (
				en,
			);
			mainGroup = 042419B01F6C8363002C2D67;
			productRefGroup = 042419BA1F6C8363002C2D67 /* Products */;
			projectDirPath = "";
			projectRoot = "";
			targets = (
				042419B81F6C8363002C2D67 /* 3D Graphics and Animation Coursework */,
			);
		};
/* End PBXProject section */

/* Begin PBXSourcesBuildPhase section */
		042419B51F6C8363002C2D67 /* Sources */ = {
			isa = PBXSourcesBuildPhase;
			buildActionMask = 2147483647;
			files = (
				041E17CD20B05B9E002DE9F3 /* modelObject.cpp in Sources */,
				041E17CE20B05B9E002DE9F3 /* modelObjectSingle.cpp in Sources */,
				0455CBDB20B441E600864F35 /* keyboardAndMouse.cpp in Sources */,
				045252A120B5C4EE00916340 /* renderer.cpp in Sources */,
				041E17DB20B0672D002DE9F3 /* scene1.cpp in Sources */,
				0455CBE020B4C62800864F35 /* camera.cpp in Sources */,
				041E17C920B05B9E002DE9F3 /* sceneGraph.cpp in Sources */,
				041E17CC20B05B9E002DE9F3 /* modelObjectInst.cpp in Sources */,
				041E17CB20B05B9E002DE9F3 /* main.cpp in Sources */,
				041E17D020B05B9E002DE9F3 /* shaderLoader.cpp in Sources */,
				041E17D520B063C2002DE9F3 /* controller.cpp in Sources */,
			);
			runOnlyForDeploymentPostprocessing = 0;
		};
/* End PBXSourcesBuildPhase section */

/* Begin XCBuildConfiguration section */
		042419BE1F6C8363002C2D67 /* Debug */ = {
			isa = XCBuildConfiguration;
			buildSettings = {
				ALWAYS_SEARCH_USER_PATHS = NO;
				CLANG_ANALYZER_NONNULL = YES;
				CLANG_ANALYZER_NUMBER_OBJECT_CONVERSION = YES_AGGRESSIVE;
				CLANG_CXX_LANGUAGE_STANDARD = "gnu++0x";
				CLANG_CXX_LIBRARY = "libc++";
				CLANG_ENABLE_MODULES = YES;
				CLANG_ENABLE_OBJC_ARC = YES;
				CLANG_WARN_BLOCK_CAPTURE_AUTORELEASING = YES;
				CLANG_WARN_BOOL_CONVERSION = YES;
				CLANG_WARN_COMMA = YES;
				CLANG_WARN_CONSTANT_CONVERSION = YES;
				CLANG_WARN_DIRECT_OBJC_ISA_USAGE = YES_ERROR;
				CLANG_WARN_DOCUMENTATION_COMMENTS = YES;
				CLANG_WARN_EMPTY_BODY = YES;
				CLANG_WARN_ENUM_CONVERSION = YES;
				CLANG_WARN_INFINITE_RECURSION = YES;
				CLANG_WARN_INT_CONVERSION = YES;
				CLANG_WARN_NON_LITERAL_NULL_CONVERSION = YES;
				CLANG_WARN_OBJC_LITERAL_CONVERSION = YES;
				CLANG_WARN_OBJC_ROOT_CLASS = YES_ERROR;
				CLANG_WARN_RANGE_LOOP_ANALYSIS = YES;
				CLANG_WARN_STRICT_PROTOTYPES = YES;
				CLANG_WARN_SUSPICIOUS_MOVE = YES;
				CLANG_WARN_UNREACHABLE_CODE = YES;
				CLANG_WARN__DUPLICATE_METHOD_MATCH = YES;
				CODE_SIGN_IDENTITY = "-";
				COPY_PHASE_STRIP = NO;
				DEBUG_INFORMATION_FORMAT = dwarf;
				ENABLE_STRICT_OBJC_MSGSEND = YES;
				ENABLE_TESTABILITY = YES;
				FRAMEWORK_SEARCH_PATHS = (
					/Library/Frameworks/,
					/usr/local/lib/,
				);
				GCC_C_LANGUAGE_STANDARD = gnu99;
				GCC_DYNAMIC_NO_PIC = NO;
				GCC_NO_COMMON_BLOCKS = YES;
				GCC_OPTIMIZATION_LEVEL = 0;
				GCC_PREPROCESSOR_DEFINITIONS = (
					"DEBUG=1",
					"$(inherited)",
				);
				GCC_WARN_64_TO_32_BIT_CONVERSION = YES;
				GCC_WARN_ABOUT_RETURN_TYPE = YES_ERROR;
				GCC_WARN_UNDECLARED_SELECTOR = YES;
				GCC_WARN_UNINITIALIZED_AUTOS = YES_AGGRESSIVE;
				GCC_WARN_UNUSED_FUNCTION = YES;
				GCC_WARN_UNUSED_VARIABLE = YES;
				HEADER_SEARCH_PATHS = /usr/local/include/;
				LIBRARY_SEARCH_PATHS = /usr/local/lib;
				MACOSX_DEPLOYMENT_TARGET = 10.12;
				MTL_ENABLE_DEBUG_INFO = YES;
				ONLY_ACTIVE_ARCH = YES;
				SDKROOT = macosx;
			};
			name = Debug;
		};
		042419BF1F6C8363002C2D67 /* Release */ = {
			isa = XCBuildConfiguration;
			buildSettings = {
				ALWAYS_SEARCH_USER_PATHS = NO;
				CLANG_ANALYZER_NONNULL = YES;
				CLANG_ANALYZER_NUMBER_OBJECT_CONVERSION = YES_AGGRESSIVE;
				CLANG_CXX_LANGUAGE_STANDARD = "gnu++0x";
				CLANG_CXX_LIBRARY = "libc++";
				CLANG_ENABLE_MODULES = YES;
				CLANG_ENABLE_OBJC_ARC = YES;
				CLANG_WARN_BLOCK_CAPTURE_AUTORELEASING = YES;
				CLANG_WARN_BOOL_CONVERSION = YES;
				CLANG_WARN_COMMA = YES;
				CLANG_WARN_CONSTANT_CONVERSION = YES;
				CLANG_WARN_DIRECT_OBJC_ISA_USAGE = YES_ERROR;
				CLANG_WARN_DOCUMENTATION_COMMENTS = YES;
				CLANG_WARN_EMPTY_BODY = YES;
				CLANG_WARN_ENUM_CONVERSION = YES;
				CLANG_WARN_INFINITE_RECURSION = YES;
				CLANG_WARN_INT_CONVERSION = YES;
				CLANG_WARN_NON_LITERAL_NULL_CONVERSION = YES;
				CLANG_WARN_OBJC_LITERAL_CONVERSION = YES;
				CLANG_WARN_OBJC_ROOT_CLASS = YES_ERROR;
				CLANG_WARN_RANGE_LOOP_ANALYSIS = YES;
				CLANG_WARN_STRICT_PROTOTYPES = YES;
				CLANG_WARN_SUSPICIOUS_MOVE = YES;
				CLANG_WARN_UNREACHABLE_CODE = YES;
				CLANG_WARN__DUPLICATE_METHOD_MATCH = YES;
				CODE_SIGN_IDENTITY = "-";
				COPY_PHASE_STRIP = NO;
				DEBUG_INFORMATION_FORMAT = "dwarf-with-dsym";
				ENABLE_NS_ASSERTIONS = NO;
				ENABLE_STRICT_OBJC_MSGSEND = YES;
				FRAMEWORK_SEARCH_PATHS = (
					/Library/Frameworks/,
					/usr/local/lib/,
				);
				GCC_C_LANGUAGE_STANDARD = gnu99;
				GCC_NO_COMMON_BLOCKS = YES;
				GCC_WARN_64_TO_32_BIT_CONVERSION = YES;
				GCC_WARN_ABOUT_RETURN_TYPE = YES_ERROR;
				GCC_WARN_UNDECLARED_SELECTOR = YES;
				GCC_WARN_UNINITIALIZED_AUTOS = YES_AGGRESSIVE;
				GCC_WARN_UNUSED_FUNCTION = YES;
				GCC_WARN_UNUSED_VARIABLE = YES;
				HEADER_SEARCH_PATHS = /usr/local/include/;
				LIBRARY_SEARCH_PATHS = /usr/local/lib;
				MACOSX_DEPLOYMENT_TARGET = 10.12;
				MTL_ENABLE_DEBUG_INFO = NO;
				SDKROOT = macosx;
			};
			name = Release;
		};
		042419C11F6C8363002C2D67 /* Debug */ = {
			isa = XCBuildConfiguration;
			buildSettings = {
				HEADER_SEARCH_PATHS = /usr/local/include/;
				LIBRARY_SEARCH_PATHS = (
					"$(inherited)",
					"$(LOCAL_LIBRARY_DIR)/Frameworks",
				);
				PRODUCT_NAME = "$(TARGET_NAME)";
			};
			name = Debug;
		};
		042419C21F6C8363002C2D67 /* Release */ = {
			isa = XCBuildConfiguration;
			buildSettings = {
				HEADER_SEARCH_PATHS = /usr/local/include/;
				LIBRARY_SEARCH_PATHS = (
					"$(inherited)",
					"$(LOCAL_LIBRARY_DIR)/Frameworks",
				);
				PRODUCT_NAME = "$(TARGET_NAME)";
			};
			name = Release;
		};
/* End XCBuildConfiguration section */

/* Begin XCConfigurationList section */
		042419B41F6C8363002C2D67 /* Build configuration list for PBXProject "3D Graphics and Animation Coursework" */ = {
			isa = XCConfigurationList;
			buildConfigurations = (
				042419BE1F6C8363002C2D67 /* Debug */,
				042419BF1F6C8363002C2D67 /* Release */,
			);
			defaultConfigurationIsVisible = 0;
			defaultConfigurationName = Release;
		};
		042419C01F6C8363002C2D67 /* Build configuration list for PBXNativeTarget "3D Graphics and Animation Coursework" */ = {
			isa = XCConfigurationList;
			buildConfigurations = (
				042419C11F6C8363002C2D67 /* Debug */,
				042419C21F6C8363002C2D67 /* Release */,
			);
			defaultConfigurationIsVisible = 0;
			defaultConfigurationName = Release;
		};
/* End XCConfigurationList section */
	};
	rootObject = 042419B11F6C8363002C2D67 /* Project object */;
}
